
Microsoft Visual Studio Solution File, Format Version 12.00
# Visual Studio Version 16
VisualStudioVersion = 16.0.29318.209
MinimumVisualStudioVersion = 10.0.40219.1
Project("{9A19103F-16F7-4668-BE54-9A1E7A4F7556}") = "GetSnomedRelationships", "GetSnomedRelationships\GetSnomedRelationships.csproj", "{34E87DF0-2EEF-4617-8F01-F82C0FBC43D4}"
EndProject
Project("{9A19103F-16F7-4668-BE54-9A1E7A4F7556}") = "GetSnomedRelationshipsTests", "GetSnomedRelationshipsTests\GetSnomedRelationshipsTests.csproj", "{00DE2353-7DA4-4936-AB9E-9CF92694BABC}"
EndProject
Project("{2150E333-8FDC-42A3-9474-1A3956D46DE8}") = "Solution Items", "Solution Items", "{D7D1CDFB-BADE-4CD2-8ECB-369C8D07A095}"
	ProjectSection(SolutionItems) = preProject
		README.md = README.md
	EndProjectSection
EndProject
Global
	GlobalSection(SolutionConfigurationPlatforms) = preSolution
		Debug|Any CPU = Debug|Any CPU
		Release|Any CPU = Release|Any CPU
	EndGlobalSection
	GlobalSection(ProjectConfigurationPlatforms) = postSolution
		{34E87DF0-2EEF-4617-8F01-F82C0FBC43D4}.Debug|Any CPU.ActiveCfg = Debug|Any CPU
		{34E87DF0-2EEF-4617-8F01-F82C0FBC43D4}.Debug|Any CPU.Build.0 = Debug|Any CPU
		{34E87DF0-2EEF-4617-8F01-F82C0FBC43D4}.Release|Any CPU.ActiveCfg = Release|Any CPU
		{34E87DF0-2EEF-4617-8F01-F82C0FBC43D4}.Release|Any CPU.Build.0 = Release|Any CPU
		{00DE2353-7DA4-4936-AB9E-9CF92694BABC}.Debug|Any CPU.ActiveCfg = Debug|Any CPU
		{00DE2353-7DA4-4936-AB9E-9CF92694BABC}.Debug|Any CPU.Build.0 = Debug|Any CPU
		{00DE2353-7DA4-4936-AB9E-9CF92694BABC}.Release|Any CPU.ActiveCfg = Release|Any CPU
		{00DE2353-7DA4-4936-AB9E-9CF92694BABC}.Release|Any CPU.Build.0 = Release|Any CPU
	EndGlobalSection
	GlobalSection(SolutionProperties) = preSolution
		HideSolutionNode = FALSE
	EndGlobalSection
	GlobalSection(ExtensibilityGlobals) = postSolution
		SolutionGuid = {6BB2C120-06ED-4C85-B108-8C9875830F37}
	EndGlobalSection
EndGlobal
